
Microsoft Visual Studio Solution File, Format Version 12.00
# Visual Studio Version 17
VisualStudioVersion = 17.2.32516.85
MinimumVisualStudioVersion = 10.0.40219.1
Project("{FAE04EC0-301F-11D3-BF4B-00C04F79EFBC}") = "Modul12.Prak", "Modul12.Prak\Modul12.Prak.csproj", "{176CB9B5-2233-45A4-AD54-FE59477621A8}"
EndProject
Global
	GlobalSection(SolutionConfigurationPlatforms) = preSolution
		Debug|Any CPU = Debug|Any CPU
		Release|Any CPU = Release|Any CPU
	EndGlobalSection
	GlobalSection(ProjectConfigurationPlatforms) = postSolution
		{176CB9B5-2233-45A4-AD54-FE59477621A8}.Debug|Any CPU.ActiveCfg = Debug|Any CPU
		{176CB9B5-2233-45A4-AD54-FE59477621A8}.Debug|Any CPU.Build.0 = Debug|Any CPU
		{176CB9B5-2233-45A4-AD54-FE59477621A8}.Release|Any CPU.ActiveCfg = Release|Any CPU
		{176CB9B5-2233-45A4-AD54-FE59477621A8}.Release|Any CPU.Build.0 = Release|Any CPU
	EndGlobalSection
	GlobalSection(SolutionProperties) = preSolution
		HideSolutionNode = FALSE
	EndGlobalSection
	GlobalSection(ExtensibilityGlobals) = postSolution
		SolutionGuid = {E823BFCC-4F2B-44C0-B8F7-5DA473B8D895}
	EndGlobalSection
EndGlobal
